
Microsoft Visual Studio Solution File, Format Version 12.00
Project("{FAE04EC0-301F-11D3-BF4B-00C04F79EFBC}") = "Api", "src\Api\Api.csproj", "{22285C9D-F79E-40AE-82DB-F7BCA4751034}"
EndProject
Project("{FAE04EC0-301F-11D3-BF4B-00C04F79EFBC}") = "Infrastructure", "src\Infrastructure\Infrastructure.csproj", "{4A256FD2-030F-4196-A671-C34CF5F4937C}"
EndProject
Project("{FAE04EC0-301F-11D3-BF4B-00C04F79EFBC}") = "Domain", "src\Domain\Domain.csproj", "{EAE50935-8059-41DA-A4EC-C7EDA0FCAFBB}"
EndProject
Project("{FAE04EC0-301F-11D3-BF4B-00C04F79EFBC}") = "Contracts", "src\Contracts\Contracts.csproj", "{78D989C1-9C84-4E5A-B795-114AE1A65E81}"
EndProject
Project("{FAE04EC0-301F-11D3-BF4B-00C04F79EFBC}") = "Application", "src\Application\Application.csproj", "{5717F807-A936-46C2-B960-27EB707DDA72}"
EndProject
Project("{FAE04EC0-301F-11D3-BF4B-00C04F79EFBC}") = "Exceptions", "src\Exceptions\Exceptions.csproj", "{25F01CBA-23CC-4D36-B6E0-56E59166556C}"
EndProject
Project("{FAE04EC0-301F-11D3-BF4B-00C04F79EFBC}") = "ValidatorsTest", "tests\ValidatorsTest\ValidatorsTest.csproj", "{8B9FDF6F-8296-43C7-B46B-B9543C0299F1}"
EndProject
Project("{2150E333-8FDC-42A3-9474-1A3956D46DE8}") = "src", "src", "{4F6FB483-F405-48A3-A742-ED0655EB9C96}"
EndProject
Project("{2150E333-8FDC-42A3-9474-1A3956D46DE8}") = "tests", "tests", "{BF71A359-69A3-46C8-BB79-0F2758B353D9}"
EndProject
Project("{FAE04EC0-301F-11D3-BF4B-00C04F79EFBC}") = "CommonTestUtilities", "tests\CommonTestUtilities\CommonTestUtilities.csproj", "{5FCEDBA5-8179-4CCE-AB21-70B60C3B35C1}"
EndProject
Project("{FAE04EC0-301F-11D3-BF4B-00C04F79EFBC}") = "UseCases.Test", "tests\UseCases.Test\UseCases.Test.csproj", "{45EA0771-0EEF-4152-8B4A-648ADE356F65}"
EndProject
Global
	GlobalSection(SolutionConfigurationPlatforms) = preSolution
		Debug|Any CPU = Debug|Any CPU
		Release|Any CPU = Release|Any CPU
	EndGlobalSection
	GlobalSection(ProjectConfigurationPlatforms) = postSolution
		{22285C9D-F79E-40AE-82DB-F7BCA4751034}.Debug|Any CPU.ActiveCfg = Debug|Any CPU
		{22285C9D-F79E-40AE-82DB-F7BCA4751034}.Debug|Any CPU.Build.0 = Debug|Any CPU
		{22285C9D-F79E-40AE-82DB-F7BCA4751034}.Release|Any CPU.ActiveCfg = Release|Any CPU
		{22285C9D-F79E-40AE-82DB-F7BCA4751034}.Release|Any CPU.Build.0 = Release|Any CPU
		{4A256FD2-030F-4196-A671-C34CF5F4937C}.Debug|Any CPU.ActiveCfg = Debug|Any CPU
		{4A256FD2-030F-4196-A671-C34CF5F4937C}.Debug|Any CPU.Build.0 = Debug|Any CPU
		{4A256FD2-030F-4196-A671-C34CF5F4937C}.Release|Any CPU.ActiveCfg = Release|Any CPU
		{4A256FD2-030F-4196-A671-C34CF5F4937C}.Release|Any CPU.Build.0 = Release|Any CPU
		{EAE50935-8059-41DA-A4EC-C7EDA0FCAFBB}.Debug|Any CPU.ActiveCfg = Debug|Any CPU
		{EAE50935-8059-41DA-A4EC-C7EDA0FCAFBB}.Debug|Any CPU.Build.0 = Debug|Any CPU
		{EAE50935-8059-41DA-A4EC-C7EDA0FCAFBB}.Release|Any CPU.ActiveCfg = Release|Any CPU
		{EAE50935-8059-41DA-A4EC-C7EDA0FCAFBB}.Release|Any CPU.Build.0 = Release|Any CPU
		{78D989C1-9C84-4E5A-B795-114AE1A65E81}.Debug|Any CPU.ActiveCfg = Debug|Any CPU
		{78D989C1-9C84-4E5A-B795-114AE1A65E81}.Debug|Any CPU.Build.0 = Debug|Any CPU
		{78D989C1-9C84-4E5A-B795-114AE1A65E81}.Release|Any CPU.ActiveCfg = Release|Any CPU
		{78D989C1-9C84-4E5A-B795-114AE1A65E81}.Release|Any CPU.Build.0 = Release|Any CPU
		{5717F807-A936-46C2-B960-27EB707DDA72}.Debug|Any CPU.ActiveCfg = Debug|Any CPU
		{5717F807-A936-46C2-B960-27EB707DDA72}.Debug|Any CPU.Build.0 = Debug|Any CPU
		{5717F807-A936-46C2-B960-27EB707DDA72}.Release|Any CPU.ActiveCfg = Release|Any CPU
		{5717F807-A936-46C2-B960-27EB707DDA72}.Release|Any CPU.Build.0 = Release|Any CPU
		{25F01CBA-23CC-4D36-B6E0-56E59166556C}.Debug|Any CPU.ActiveCfg = Debug|Any CPU
		{25F01CBA-23CC-4D36-B6E0-56E59166556C}.Debug|Any CPU.Build.0 = Debug|Any CPU
		{25F01CBA-23CC-4D36-B6E0-56E59166556C}.Release|Any CPU.ActiveCfg = Release|Any CPU
		{25F01CBA-23CC-4D36-B6E0-56E59166556C}.Release|Any CPU.Build.0 = Release|Any CPU
		{8B9FDF6F-8296-43C7-B46B-B9543C0299F1}.Debug|Any CPU.ActiveCfg = Debug|Any CPU
		{8B9FDF6F-8296-43C7-B46B-B9543C0299F1}.Debug|Any CPU.Build.0 = Debug|Any CPU
		{8B9FDF6F-8296-43C7-B46B-B9543C0299F1}.Release|Any CPU.ActiveCfg = Release|Any CPU
		{8B9FDF6F-8296-43C7-B46B-B9543C0299F1}.Release|Any CPU.Build.0 = Release|Any CPU
		{5FCEDBA5-8179-4CCE-AB21-70B60C3B35C1}.Debug|Any CPU.ActiveCfg = Debug|Any CPU
		{5FCEDBA5-8179-4CCE-AB21-70B60C3B35C1}.Debug|Any CPU.Build.0 = Debug|Any CPU
		{5FCEDBA5-8179-4CCE-AB21-70B60C3B35C1}.Release|Any CPU.ActiveCfg = Release|Any CPU
		{5FCEDBA5-8179-4CCE-AB21-70B60C3B35C1}.Release|Any CPU.Build.0 = Release|Any CPU
		{45EA0771-0EEF-4152-8B4A-648ADE356F65}.Debug|Any CPU.ActiveCfg = Debug|Any CPU
		{45EA0771-0EEF-4152-8B4A-648ADE356F65}.Debug|Any CPU.Build.0 = Debug|Any CPU
		{45EA0771-0EEF-4152-8B4A-648ADE356F65}.Release|Any CPU.ActiveCfg = Release|Any CPU
		{45EA0771-0EEF-4152-8B4A-648ADE356F65}.Release|Any CPU.Build.0 = Release|Any CPU
	EndGlobalSection
	GlobalSection(NestedProjects) = preSolution
		{22285C9D-F79E-40AE-82DB-F7BCA4751034} = {4F6FB483-F405-48A3-A742-ED0655EB9C96}
		{5717F807-A936-46C2-B960-27EB707DDA72} = {4F6FB483-F405-48A3-A742-ED0655EB9C96}
		{78D989C1-9C84-4E5A-B795-114AE1A65E81} = {4F6FB483-F405-48A3-A742-ED0655EB9C96}
		{EAE50935-8059-41DA-A4EC-C7EDA0FCAFBB} = {4F6FB483-F405-48A3-A742-ED0655EB9C96}
		{25F01CBA-23CC-4D36-B6E0-56E59166556C} = {4F6FB483-F405-48A3-A742-ED0655EB9C96}
		{4A256FD2-030F-4196-A671-C34CF5F4937C} = {4F6FB483-F405-48A3-A742-ED0655EB9C96}
		{8B9FDF6F-8296-43C7-B46B-B9543C0299F1} = {BF71A359-69A3-46C8-BB79-0F2758B353D9}
		{5FCEDBA5-8179-4CCE-AB21-70B60C3B35C1} = {BF71A359-69A3-46C8-BB79-0F2758B353D9}
		{45EA0771-0EEF-4152-8B4A-648ADE356F65} = {BF71A359-69A3-46C8-BB79-0F2758B353D9}
	EndGlobalSection
EndGlobal
